{
  "name": "rxdrag",
  "version": "1.0.0",
  "lockfileVersion": 2,
  "requires": true,
  "packages": {
    "": {
      "name": "rxdrag",
      "version": "1.0.0",
      "license": "MIT",
      "devDependencies": {
        "turbo": "^1.8.3"
      }
    },
    "node_modules/turbo": {
      "version": "1.8.3",
      "resolved": "https://registry.npmmirror.com/turbo/-/turbo-1.8.3.tgz",
      "integrity": "sha512-zGrkU1EuNFmkq6iky6LcMqD4h0OLE8XysVFxQWRIZbcTNnf0XAycbsbeEyiJpiWeqb7qtg2bVuY9EYcNoNhVuQ==",
      "dev": true,
      "hasInstallScript": true,
      "bin": {
        "turbo": "bin/turbo"
      },
      "optionalDependencies": {
        "turbo-darwin-64": "1.8.3",
        "turbo-darwin-arm64": "1.8.3",
        "turbo-linux-64": "1.8.3",
        "turbo-linux-arm64": "1.8.3",
        "turbo-windows-64": "1.8.3",
        "turbo-windows-arm64": "1.8.3"
      }
    },
    "node_modules/turbo-darwin-64": {
      "version": "1.8.3",
      "resolved": "https://registry.npmmirror.com/turbo-darwin-64/-/turbo-darwin-64-1.8.3.tgz",
      "integrity": "sha512-bLM084Wr17VAAY/EvCWj7+OwYHvI9s/NdsvlqGp8iT5HEYVimcornCHespgJS/yvZDfC+mX9EQkn3V2JmYgGGw==",
      "cpu": [
        "x64"
      ],
      "dev": true,
      "optional": true,
      "os": [
        "darwin"
      ]
    },
    "node_modules/turbo-darwin-arm64": {
      "version": "1.8.3",
      "resolved": "https://registry.npmmirror.com/turbo-darwin-arm64/-/turbo-darwin-arm64-1.8.3.tgz",
      "integrity": "sha512-4oZjXtzakopMK110kue3z/hqu3WLv+eDLZOX1NGdo49gqca9BeD8GbH+sXpAp6tqyeuzpss+PIliVYuyt7LgbA==",
      "cpu": [
        "arm64"
      ],
      "dev": true,
      "optional": true,
      "os": [
        "darwin"
      ]
    },
    "node_modules/turbo-linux-64": {
      "version": "1.8.3",
      "resolved": "https://registry.npmmirror.com/turbo-linux-64/-/turbo-linux-64-1.8.3.tgz",
      "integrity": "sha512-uvX2VKotf5PU14FCxJA5iHItPQno2JWzerMd+g3/h/Asay6dvxvtVjc39MQeGT0H5njSvzVKFkT+3/5q8lgOEg==",
      "cpu": [
        "x64"
      ],
      "dev": true,
      "optional": true,
      "os": [
        "linux"
      ]
    },
    "node_modules/turbo-linux-arm64": {
      "version": "1.8.3",
      "resolved": "https://registry.npmmirror.com/turbo-linux-arm64/-/turbo-linux-arm64-1.8.3.tgz",
      "integrity": "sha512-E1p+oH3XKMaPS4rqWhYsL4j2Pzc0d/9P5KU7Kn1kqVLo2T3iRA7n2KVULEieUNE0nTH+aIJPXYXOpqCI5wFJaA==",
      "cpu": [
        "arm64"
      ],
      "dev": true,
      "optional": true,
      "os": [
        "linux"
      ]
    },
    "node_modules/turbo-windows-64": {
      "version": "1.8.3",
      "resolved": "https://registry.npmmirror.com/turbo-windows-64/-/turbo-windows-64-1.8.3.tgz",
      "integrity": "sha512-cnzAytHtoLXd0J7aNzRpZFpL/GTjcBmkvAPlbOdf/Pl1iwS4qzGrudZQ+OM1lmLgLIfBPIavsGHBknTwTNib4A==",
      "cpu": [
        "x64"
      ],
      "dev": true,
      "optional": true,
      "os": [
        "win32"
      ]
    },
    "node_modules/turbo-windows-arm64": {
      "version": "1.8.3",
      "resolved": "https://registry.npmmirror.com/turbo-windows-arm64/-/turbo-windows-arm64-1.8.3.tgz",
      "integrity": "sha512-ulIiItNm2w/zYJdD5/oAzjzNns1IjbpweRzpsE8tLXaWwo6+fnXXkyloUug0IUhcd2k6fJXfoiDZfygqpOVuXg==",
      "cpu": [
        "arm64"
      ],
      "dev": true,
      "optional": true,
      "os": [
        "win32"
      ]
    }
  },
  "dependencies": {
    "turbo": {
      "version": "1.8.3",
      "resolved": "https://registry.npmmirror.com/turbo/-/turbo-1.8.3.tgz",
      "integrity": "sha512-zGrkU1EuNFmkq6iky6LcMqD4h0OLE8XysVFxQWRIZbcTNnf0XAycbsbeEyiJpiWeqb7qtg2bVuY9EYcNoNhVuQ==",
      "dev": true,
      "requires": {
        "turbo-darwin-64": "1.8.3",
        "turbo-darwin-arm64": "1.8.3",
        "turbo-linux-64": "1.8.3",
        "turbo-linux-arm64": "1.8.3",
        "turbo-windows-64": "1.8.3",
        "turbo-windows-arm64": "1.8.3"
      }
    },
    "turbo-darwin-64": {
      "version": "1.8.3",
      "resolved": "https://registry.npmmirror.com/turbo-darwin-64/-/turbo-darwin-64-1.8.3.tgz",
      "integrity": "sha512-bLM084Wr17VAAY/EvCWj7+OwYHvI9s/NdsvlqGp8iT5HEYVimcornCHespgJS/yvZDfC+mX9EQkn3V2JmYgGGw==",
      "dev": true,
      "optional": true
    },
    "turbo-darwin-arm64": {
      "version": "1.8.3",
      "resolved": "https://registry.npmmirror.com/turbo-darwin-arm64/-/turbo-darwin-arm64-1.8.3.tgz",
      "integrity": "sha512-4oZjXtzakopMK110kue3z/hqu3WLv+eDLZOX1NGdo49gqca9BeD8GbH+sXpAp6tqyeuzpss+PIliVYuyt7LgbA==",
      "dev": true,
      "optional": true
    },
    "turbo-linux-64": {
      "version": "1.8.3",
      "resolved": "https://registry.npmmirror.com/turbo-linux-64/-/turbo-linux-64-1.8.3.tgz",
      "integrity": "sha512-uvX2VKotf5PU14FCxJA5iHItPQno2JWzerMd+g3/h/Asay6dvxvtVjc39MQeGT0H5njSvzVKFkT+3/5q8lgOEg==",
      "dev": true,
      "optional": true
    },
    "turbo-linux-arm64": {
      "version": "1.8.3",
      "resolved": "https://registry.npmmirror.com/turbo-linux-arm64/-/turbo-linux-arm64-1.8.3.tgz",
      "integrity": "sha512-E1p+oH3XKMaPS4rqWhYsL4j2Pzc0d/9P5KU7Kn1kqVLo2T3iRA7n2KVULEieUNE0nTH+aIJPXYXOpqCI5wFJaA==",
      "dev": true,
      "optional": true
    },
    "turbo-windows-64": {
      "version": "1.8.3",
      "resolved": "https://registry.npmmirror.com/turbo-windows-64/-/turbo-windows-64-1.8.3.tgz",
      "integrity": "sha512-cnzAytHtoLXd0J7aNzRpZFpL/GTjcBmkvAPlbOdf/Pl1iwS4qzGrudZQ+OM1lmLgLIfBPIavsGHBknTwTNib4A==",
      "dev": true,
      "optional": true
    },
    "turbo-windows-arm64": {
      "version": "1.8.3",
      "resolved": "https://registry.npmmirror.com/turbo-windows-arm64/-/turbo-windows-arm64-1.8.3.tgz",
      "integrity": "sha512-ulIiItNm2w/zYJdD5/oAzjzNns1IjbpweRzpsE8tLXaWwo6+fnXXkyloUug0IUhcd2k6fJXfoiDZfygqpOVuXg==",
      "dev": true,
      "optional": true
    }
  }
}
