lockfileVersion: 5.4

importers:

  .:
    specifiers:
      turbo: ^1.8.3
    devDependencies:
      turbo: registry.npmmirror.com/turbo/1.8.3

packages:

  registry.npmmirror.com/turbo-darwin-64/1.8.3:
    resolution: {integrity: sha512-bLM084Wr17VAAY/EvCWj7+OwYHvI9s/NdsvlqGp8iT5HEYVimcornCHespgJS/yvZDfC+mX9EQkn3V2JmYgGGw==, registry: https://registry.npm.taobao.org/, tarball: https://registry.npmmirror.com/turbo-darwin-64/-/turbo-darwin-64-1.8.3.tgz}
    name: turbo-darwin-64
    version: 1.8.3
    cpu: [x64]
    os: [darwin]
    requiresBuild: true
    dev: true
    optional: true

  registry.npmmirror.com/turbo-darwin-arm64/1.8.3:
    resolution: {integrity: sha512-4oZjXtzakopMK110kue3z/hqu3WLv+eDLZOX1NGdo49gqca9BeD8GbH+sXpAp6tqyeuzpss+PIliVYuyt7LgbA==, registry: https://registry.npm.taobao.org/, tarball: https://registry.npmmirror.com/turbo-darwin-arm64/-/turbo-darwin-arm64-1.8.3.tgz}
    name: turbo-darwin-arm64
    version: 1.8.3
    cpu: [arm64]
    os: [darwin]
    requiresBuild: true
    dev: true
    optional: true

  registry.npmmirror.com/turbo-linux-64/1.8.3:
    resolution: {integrity: sha512-uvX2VKotf5PU14FCxJA5iHItPQno2JWzerMd+g3/h/Asay6dvxvtVjc39MQeGT0H5njSvzVKFkT+3/5q8lgOEg==, registry: https://registry.npm.taobao.org/, tarball: https://registry.npmmirror.com/turbo-linux-64/-/turbo-linux-64-1.8.3.tgz}
    name: turbo-linux-64
    version: 1.8.3
    cpu: [x64]
    os: [linux]
    requiresBuild: true
    dev: true
    optional: true

  registry.npmmirror.com/turbo-linux-arm64/1.8.3:
    resolution: {integrity: sha512-E1p+oH3XKMaPS4rqWhYsL4j2Pzc0d/9P5KU7Kn1kqVLo2T3iRA7n2KVULEieUNE0nTH+aIJPXYXOpqCI5wFJaA==, registry: https://registry.npm.taobao.org/, tarball: https://registry.npmmirror.com/turbo-linux-arm64/-/turbo-linux-arm64-1.8.3.tgz}
    name: turbo-linux-arm64
    version: 1.8.3
    cpu: [arm64]
    os: [linux]
    requiresBuild: true
    dev: true
    optional: true

  registry.npmmirror.com/turbo-windows-64/1.8.3:
    resolution: {integrity: sha512-cnzAytHtoLXd0J7aNzRpZFpL/GTjcBmkvAPlbOdf/Pl1iwS4qzGrudZQ+OM1lmLgLIfBPIavsGHBknTwTNib4A==, registry: https://registry.npm.taobao.org/, tarball: https://registry.npmmirror.com/turbo-windows-64/-/turbo-windows-64-1.8.3.tgz}
    name: turbo-windows-64
    version: 1.8.3
    cpu: [x64]
    os: [win32]
    requiresBuild: true
    dev: true
    optional: true

  registry.npmmirror.com/turbo-windows-arm64/1.8.3:
    resolution: {integrity: sha512-ulIiItNm2w/zYJdD5/oAzjzNns1IjbpweRzpsE8tLXaWwo6+fnXXkyloUug0IUhcd2k6fJXfoiDZfygqpOVuXg==, registry: https://registry.npm.taobao.org/, tarball: https://registry.npmmirror.com/turbo-windows-arm64/-/turbo-windows-arm64-1.8.3.tgz}
    name: turbo-windows-arm64
    version: 1.8.3
    cpu: [arm64]
    os: [win32]
    requiresBuild: true
    dev: true
    optional: true

  registry.npmmirror.com/turbo/1.8.3:
    resolution: {integrity: sha512-zGrkU1EuNFmkq6iky6LcMqD4h0OLE8XysVFxQWRIZbcTNnf0XAycbsbeEyiJpiWeqb7qtg2bVuY9EYcNoNhVuQ==, registry: https://registry.npm.taobao.org/, tarball: https://registry.npmmirror.com/turbo/-/turbo-1.8.3.tgz}
    name: turbo
    version: 1.8.3
    hasBin: true
    requiresBuild: true
    optionalDependencies:
      turbo-darwin-64: registry.npmmirror.com/turbo-darwin-64/1.8.3
      turbo-darwin-arm64: registry.npmmirror.com/turbo-darwin-arm64/1.8.3
      turbo-linux-64: registry.npmmirror.com/turbo-linux-64/1.8.3
      turbo-linux-arm64: registry.npmmirror.com/turbo-linux-arm64/1.8.3
      turbo-windows-64: registry.npmmirror.com/turbo-windows-64/1.8.3
      turbo-windows-arm64: registry.npmmirror.com/turbo-windows-arm64/1.8.3
    dev: true
